// !$*UTF8*$!
{
	archiveVersion = 1;
	classes = {
	};
	objectVersion = 50;
	objects = {

/* Begin PBXBuildFile section */
		D24B8E662AFEC5E400A4814A /* AppDelegate.swift in Sources */ = {isa = PBXBuildFile; fileRef = D24B8E652AFEC5E400A4814A /* AppDelegate.swift */; };
		D24B8E682AFEC5E400A4814A /* SceneDelegate.swift in Sources */ = {isa = PBXBuildFile; fileRef = D24B8E672AFEC5E400A4814A /* SceneDelegate.swift */; };
		D24B8E6A2AFEC5E400A4814A /* ViewController.swift in Sources */ = {isa = PBXBuildFile; fileRef = D24B8E692AFEC5E400A4814A /* ViewController.swift */; };
		D24B8E6D2AFEC5E400A4814A /* Main.storyboard in Resources */ = {isa = PBXBuildFile; fileRef = D24B8E6B2AFEC5E400A4814A /* Main.storyboard */; };
		D24B8E6F2AFEC60500A4814A /* Assets.xcassets in Resources */ = {isa = PBXBuildFile; fileRef = D24B8E6E2AFEC60500A4814A /* Assets.xcassets */; };
		D24B8E722AFEC60500A4814A /* LaunchScreen.storyboard in Resources */ = {isa = PBXBuildFile; fileRef = D24B8E702AFEC60500A4814A /* LaunchScreen.storyboard */; };
/* End PBXBuildFile section */

/* Begin PBXFileReference section */
		D24B8E622AFEC5E400A4814A /* ObjectsWithCode.app */ = {isa = PBXFileReference; explicitFileType = wrapper.application; includeInIndex = 0; path = ObjectsWithCode.app; sourceTree = BUILT_PRODUCTS_DIR; };
		D24B8E652AFEC5E400A4814A /* AppDelegate.swift */ = {isa = PBXFileReference; lastKnownFileType = sourcecode.swift; path = AppDelegate.swift; sourceTree = "<group>"; };
		D24B8E672AFEC5E400A4814A /* SceneDelegate.swift */ = {isa = PBXFileReference; lastKnownFileType = sourcecode.swift; path = SceneDelegate.swift; sourceTree = "<group>"; };
		D24B8E692AFEC5E400A4814A /* ViewController.swift */ = {isa = PBXFileReference; lastKnownFileType = sourcecode.swift; path = ViewController.swift; sourceTree = "<group>"; };
		D24B8E6C2AFEC5E400A4814A /* Base */ = {isa = PBXFileReference; lastKnownFileType = file.storyboard; name = Base; path = Base.lproj/Main.storyboard; sourceTree = "<group>"; };
		D24B8E6E2AFEC60500A4814A /* Assets.xcassets */ = {isa = PBXFileReference; lastKnownFileType = folder.assetcatalog; path = Assets.xcassets; sourceTree = "<group>"; };
		D24B8E712AFEC60500A4814A /* Base */ = {isa = PBXFileReference; lastKnownFileType = file.storyboard; name = Base; path = Base.lproj/LaunchScreen.storyboard; sourceTree = "<group>"; };
		D24B8E732AFEC60500A4814A /* Info.plist */ = {isa = PBXFileReference; lastKnownFileType = text.plist.xml; path = Info.plist; sourceTree = "<group>"; };
/* End PBXFileReference section */

/* Begin PBXFrameworksBuildPhase section */
		D24B8E5F2AFEC5E400A4814A /* Frameworks */ = {
			isa = PBXFrameworksBuildPhase;
			buildActionMask = 2147483647;
			files = (
			);
			runOnlyForDeploymentPostprocessing = 0;
		};
/* End PBXFrameworksBuildPhase section */

/* Begin PBXGroup section */
		D24B8E592AFEC5E300A4814A = {
			isa = PBXGroup;
			children = (
				D24B8E642AFEC5E400A4814A /* ObjectsWithCode */,
				D24B8E632AFEC5E400A4814A /* Products */,
			);
			sourceTree = "<group>";
		};
		D24B8E632AFEC5E400A4814A /* Products */ = {
			isa = PBXGroup;
			children = (
				D24B8E622AFEC5E400A4814A /* ObjectsWithCode.app */,
			);
			name = Products;
			sourceTree = "<group>";
		};
		D24B8E642AFEC5E400A4814A /* ObjectsWithCode */ = {
			isa = PBXGroup;
			children = (
				D24B8E652AFEC5E400A4814A /* AppDelegate.swift */,
				D24B8E672AFEC5E400A4814A /* SceneDelegate.swift */,
				D24B8E692AFEC5E400A4814A /* ViewController.swift */,
				D24B8E6B2AFEC5E400A4814A /* Main.storyboard */,
				D24B8E6E2AFEC60500A4814A /* Assets.xcassets */,
				D24B8E702AFEC60500A4814A /* LaunchScreen.storyboard */,
				D24B8E732AFEC60500A4814A /* Info.plist */,
			);
			path = ObjectsWithCode;
			sourceTree = "<group>";
		};
/* End PBXGroup section */

/* Begin PBXNativeTarget section */
		D24B8E612AFEC5E400A4814A /* ObjectsWithCode */ = {
			isa = PBXNativeTarget;
			buildConfigurationList = D24B8E762AFEC60500A4814A /* Build configuration list for PBXNativeTarget "ObjectsWithCode" */;
			buildPhases = (
				D24B8E5E2AFEC5E400A4814A /* Sources */,
				D24B8E5F2AFEC5E400A4814A /* Frameworks */,
				D24B8E602AFEC5E400A4814A /* Resources */,
			);
			buildRules = (
			);
			dependencies = (
			);
			name = ObjectsWithCode;
			productName = ObjectsWithCode;
			productReference = D24B8E622AFEC5E400A4814A /* ObjectsWithCode.app */;
			productType = "com.apple.product-type.application";
		};
/* End PBXNativeTarget section */

/* Begin PBXProject section */
		D24B8E5A2AFEC5E300A4814A /* Project object */ = {
			isa = PBXProject;
			attributes = {
				LastSwiftUpdateCheck = 1240;
				LastUpgradeCheck = 1240;
				TargetAttributes = {
					D24B8E612AFEC5E400A4814A = {
						CreatedOnToolsVersion = 12.4;
					};
				};
			};
			buildConfigurationList = D24B8E5D2AFEC5E400A4814A /* Build configuration list for PBXProject "ObjectsWithCode" */;
			compatibilityVersion = "Xcode 9.3";
			developmentRegion = en;
			hasScannedForEncodings = 0;
			knownRegions = (
				en,
				Base,
			);
			mainGroup = D24B8E592AFEC5E300A4814A;
			productRefGroup = D24B8E632AFEC5E400A4814A /* Products */;
			projectDirPath = "";
			projectRoot = "";
			targets = (
				D24B8E612AFEC5E400A4814A /* ObjectsWithCode */,
			);
		};
/* End PBXProject section */

/* Begin PBXResourcesBuildPhase section */
		D24B8E602AFEC5E400A4814A /* Resources */ = {
			isa = PBXResourcesBuildPhase;
			buildActionMask = 2147483647;
			files = (
				D24B8E722AFEC60500A4814A /* LaunchScreen.storyboard in Resources */,
				D24B8E6F2AFEC60500A4814A /* Assets.xcassets in Resources */,
				D24B8E6D2AFEC5E400A4814A /* Main.storyboard in Resources */,
			);
			runOnlyForDeploymentPostprocessing = 0;
		};
/* End PBXResourcesBuildPhase section */

/* Begin PBXSourcesBuildPhase section */
		D24B8E5E2AFEC5E400A4814A /* Sources */ = {
			isa = PBXSourcesBuildPhase;
			buildActionMask = 2147483647;
			files = (
				D24B8E6A2AFEC5E400A4814A /* ViewController.swift in Sources */,
				D24B8E662AFEC5E400A4814A /* AppDelegate.swift in Sources */,
				D24B8E682AFEC5E400A4814A /* SceneDelegate.swift in Sources */,
			);
			runOnlyForDeploymentPostprocessing = 0;
		};
/* End PBXSourcesBuildPhase section */

/* Begin PBXVariantGroup section */
		D24B8E6B2AFEC5E400A4814A /* Main.storyboard */ = {
			isa = PBXVariantGroup;
			children = (
				D24B8E6C2AFEC5E400A4814A /* Base */,
			);
			name = Main.storyboard;
			sourceTree = "<group>";
		};
		D24B8E702AFEC60500A4814A /* LaunchScreen.storyboard */ = {
			isa = PBXVariantGroup;
			children = (
				D24B8E712AFEC60500A4814A /* Base */,
			);
			name = LaunchScreen.storyboard;
			sourceTree = "<group>";
		};
/* End PBXVariantGroup section */

/* Begin XCBuildConfiguration section */
		D24B8E742AFEC60500A4814A /* Debug */ = {
			isa = XCBuildConfiguration;
			buildSettings = {
				ALWAYS_SEARCH_USER_PATHS = NO;
				CLANG_ANALYZER_NONNULL = YES;
				CLANG_ANALYZER_NUMBER_OBJECT_CONVERSION = YES_AGGRESSIVE;
				CLANG_CXX_LANGUAGE_STANDARD = "gnu++14";
				CLANG_CXX_LIBRARY = "libc++";
				CLANG_ENABLE_MODULES = YES;
				CLANG_ENABLE_OBJC_ARC = YES;
				CLANG_ENABLE_OBJC_WEAK = YES;
				CLANG_WARN_BLOCK_CAPTURE_AUTORELEASING = YES;
				CLANG_WARN_BOOL_CONVERSION = YES;
				CLANG_WARN_COMMA = YES;
				CLANG_WARN_CONSTANT_CONVERSION = YES;
				CLANG_WARN_DEPRECATED_OBJC_IMPLEMENTATIONS = YES;
				CLANG_WARN_DIRECT_OBJC_ISA_USAGE = YES_ERROR;
				CLANG_WARN_DOCUMENTATION_COMMENTS = YES;
				CLANG_WARN_EMPTY_BODY = YES;
				CLANG_WARN_ENUM_CONVERSION = YES;
				CLANG_WARN_INFINITE_RECURSION = YES;
				CLANG_WARN_INT_CONVERSION = YES;
				CLANG_WARN_NON_LITERAL_NULL_CONVERSION = YES;
				CLANG_WARN_OBJC_IMPLICIT_RETAIN_SELF = YES;
				CLANG_WARN_OBJC_LITERAL_CONVERSION = YES;
				CLANG_WARN_OBJC_ROOT_CLASS = YES_ERROR;
				CLANG_WARN_QUOTED_INCLUDE_IN_FRAMEWORK_HEADER = YES;
				CLANG_WARN_RANGE_LOOP_ANALYSIS = YES;
				CLANG_WARN_STRICT_PROTOTYPES = YES;
				CLANG_WARN_SUSPICIOUS_MOVE = YES;
				CLANG_WARN_UNGUARDED_AVAILABILITY = YES_AGGRESSIVE;
				CLANG_WARN_UNREACHABLE_CODE = YES;
				CLANG_WARN__DUPLICATE_METHOD_MATCH = YES;
				COPY_PHASE_STRIP = NO;
				DEBUG_INFORMATION_FORMAT = dwarf;
				ENABLE_STRICT_OBJC_MSGSEND = YES;
				ENABLE_TESTABILITY = YES;
				GCC_C_LANGUAGE_STANDARD = gnu11;
				GCC_DYNAMIC_NO_PIC = NO;
				GCC_NO_COMMON_BLOCKS = YES;
				GCC_OPTIMIZATION_LEVEL = 0;
				GCC_PREPROCESSOR_DEFINITIONS = (
					"DEBUG=1",
					"$(inherited)",
				);
				GCC_WARN_64_TO_32_BIT_CONVERSION = YES;
				GCC_WARN_ABOUT_RETURN_TYPE = YES_ERROR;
				GCC_WARN_UNDECLARED_SELECTOR = YES;
				GCC_WARN_UNINITIALIZED_AUTOS = YES_AGGRESSIVE;
				GCC_WARN_UNUSED_FUNCTION = YES;
				GCC_WARN_UNUSED_VARIABLE = YES;
				IPHONEOS_DEPLOYMENT_TARGET = 14.4;
				MTL_ENABLE_DEBUG_INFO = INCLUDE_SOURCE;
				MTL_FAST_MATH = YES;
				ONLY_ACTIVE_ARCH = YES;
				SDKROOT = iphoneos;
				SWIFT_ACTIVE_COMPILATION_CONDITIONS = DEBUG;
				SWIFT_OPTIMIZATION_LEVEL = "-Onone";
			};
			name = Debug;
		};
		D24B8E752AFEC60500A4814A /* Release */ = {
			isa = XCBuildConfiguration;
			buildSettings = {
				ALWAYS_SEARCH_USER_PATHS = NO;
				CLANG_ANALYZER_NONNULL = YES;
				CLANG_ANALYZER_NUMBER_OBJECT_CONVERSION = YES_AGGRESSIVE;
				CLANG_CXX_LANGUAGE_STANDARD = "gnu++14";
				CLANG_CXX_LIBRARY = "libc++";
				CLANG_ENABLE_MODULES = YES;
				CLANG_ENABLE_OBJC_ARC = YES;
				CLANG_ENABLE_OBJC_WEAK = YES;
				CLANG_WARN_BLOCK_CAPTURE_AUTORELEASING = YES;
				CLANG_WARN_BOOL_CONVERSION = YES;
				CLANG_WARN_COMMA = YES;
				CLANG_WARN_CONSTANT_CONVERSION = YES;
				CLANG_WARN_DEPRECATED_OBJC_IMPLEMENTATIONS = YES;
				CLANG_WARN_DIRECT_OBJC_ISA_USAGE = YES_ERROR;
				CLANG_WARN_DOCUMENTATION_COMMENTS = YES;
				CLANG_WARN_EMPTY_BODY = YES;
				CLANG_WARN_ENUM_CONVERSION = YES;
				CLANG_WARN_INFINITE_RECURSION = YES;
				CLANG_WARN_INT_CONVERSION = YES;
				CLANG_WARN_NON_LITERAL_NULL_CONVERSION = YES;
				CLANG_WARN_OBJC_IMPLICIT_RETAIN_SELF = YES;
				CLANG_WARN_OBJC_LITERAL_CONVERSION = YES;
				CLANG_WARN_OBJC_ROOT_CLASS = YES_ERROR;
				CLANG_WARN_QUOTED_INCLUDE_IN_FRAMEWORK_HEADER = YES;
				CLANG_WARN_RANGE_LOOP_ANALYSIS = YES;
				CLANG_WARN_STRICT_PROTOTYPES = YES;
				CLANG_WARN_SUSPICIOUS_MOVE = YES;
				CLANG_WARN_UNGUARDED_AVAILABILITY = YES_AGGRESSIVE;
				CLANG_WARN_UNREACHABLE_CODE = YES;
				CLANG_WARN__DUPLICATE_METHOD_MATCH = YES;
				COPY_PHASE_STRIP = NO;
				DEBUG_INFORMATION_FORMAT = "dwarf-with-dsym";
				ENABLE_NS_ASSERTIONS = NO;
				ENABLE_STRICT_OBJC_MSGSEND = YES;
				GCC_C_LANGUAGE_STANDARD = gnu11;
				GCC_NO_COMMON_BLOCKS = YES;
				GCC_WARN_64_TO_32_BIT_CONVERSION = YES;
				GCC_WARN_ABOUT_RETURN_TYPE = YES_ERROR;
				GCC_WARN_UNDECLARED_SELECTOR = YES;
				GCC_WARN_UNINITIALIZED_AUTOS = YES_AGGRESSIVE;
				GCC_WARN_UNUSED_FUNCTION = YES;
				GCC_WARN_UNUSED_VARIABLE = YES;
				IPHONEOS_DEPLOYMENT_TARGET = 14.4;
				MTL_ENABLE_DEBUG_INFO = NO;
				MTL_FAST_MATH = YES;
				SDKROOT = iphoneos;
				SWIFT_COMPILATION_MODE = wholemodule;
				SWIFT_OPTIMIZATION_LEVEL = "-O";
				VALIDATE_PRODUCT = YES;
			};
			name = Release;
		};
		D24B8E772AFEC60500A4814A /* Debug */ = {
			isa = XCBuildConfiguration;
			buildSettings = {
				ASSETCATALOG_COMPILER_APPICON_NAME = AppIcon;
				ASSETCATALOG_COMPILER_GLOBAL_ACCENT_COLOR_NAME = AccentColor;
				CODE_SIGN_STYLE = Automatic;
				INFOPLIST_FILE = ObjectsWithCode/Info.plist;
				LD_RUNPATH_SEARCH_PATHS = (
					"$(inherited)",
					"@executable_path/Frameworks",
				);
				PRODUCT_BUNDLE_IDENTIFIER = com.silvquiroz.ObjectsWithCode;
				PRODUCT_NAME = "$(TARGET_NAME)";
				SWIFT_VERSION = 5.0;
				TARGETED_DEVICE_FAMILY = "1,2";
			};
			name = Debug;
		};
		D24B8E782AFEC60500A4814A /* Release */ = {
			isa = XCBuildConfiguration;
			buildSettings = {
				ASSETCATALOG_COMPILER_APPICON_NAME = AppIcon;
				ASSETCATALOG_COMPILER_GLOBAL_ACCENT_COLOR_NAME = AccentColor;
				CODE_SIGN_STYLE = Automatic;
				INFOPLIST_FILE = ObjectsWithCode/Info.plist;
				LD_RUNPATH_SEARCH_PATHS = (
					"$(inherited)",
					"@executable_path/Frameworks",
				);
				PRODUCT_BUNDLE_IDENTIFIER = com.silvquiroz.ObjectsWithCode;
				PRODUCT_NAME = "$(TARGET_NAME)";
				SWIFT_VERSION = 5.0;
				TARGETED_DEVICE_FAMILY = "1,2";
			};
			name = Release;
		};
/* End XCBuildConfiguration section */

/* Begin XCConfigurationList section */
		D24B8E5D2AFEC5E400A4814A /* Build configuration list for PBXProject "ObjectsWithCode" */ = {
			isa = XCConfigurationList;
			buildConfigurations = (
				D24B8E742AFEC60500A4814A /* Debug */,
				D24B8E752AFEC60500A4814A /* Release */,
			);
			defaultConfigurationIsVisible = 0;
			defaultConfigurationName = Release;
		};
		D24B8E762AFEC60500A4814A /* Build configuration list for PBXNativeTarget "ObjectsWithCode" */ = {
			isa = XCConfigurationList;
			buildConfigurations = (
				D24B8E772AFEC60500A4814A /* Debug */,
				D24B8E782AFEC60500A4814A /* Release */,
			);
			defaultConfigurationIsVisible = 0;
			defaultConfigurationName = Release;
		};
/* End XCConfigurationList section */
	};
	rootObject = D24B8E5A2AFEC5E300A4814A /* Project object */;
}
